{
  "requires": true,
  "lockfileVersion": 1,
  "dependencies": {
    "@mnpjs/licenses": {
      "version": "1.1.0",
      "resolved": "https://registry.npmjs.org/@mnpjs/licenses/-/licenses-1.1.0.tgz",
      "integrity": "sha512-tzpcxby7sV+UZVo084sY/A+jCmZIerebGu0502A9qx6sd0ugzxzFTxhKd8wOwWfmtgirbtRAui8Eu8nDWOyMKg=="
    },
    "@rqt/github": {
      "version": "1.3.1",
      "resolved": "https://registry.npmjs.org/@rqt/github/-/github-1.3.1.tgz",
      "integrity": "sha512-R5Pq6Xkhi4zbtHDY3Vx/ea9UuaShYxaDIgHEZputDTXcpFzBRCQIebMcYlpcZgQdtGu9O8tzwmBpKXC9UAxd5Q=="
    },
    "alamode": {
      "version": "3.7.1",
      "resolved": "https://registry.npmjs.org/alamode/-/alamode-3.7.1.tgz",
      "integrity": "sha512-Vy2w3qhjyDqwiy1sX0NzVgw7tc3vy/OAoBfV88EaS7PzI4Qo/uwpnhWmWBw38su3LdkBUJV2imRmJLScizf48A=="
    },
    "mnp": {
      "version": "1.2.1",
      "resolved": "https://registry.npmjs.org/mnp/-/mnp-1.2.1.tgz",
      "integrity": "sha512-CctfTh3eg9binZavoWxKNr8RSnItE4tx59z1zNl/eEcC5L/Mu5ihcKM/GHXBcO0s+n2GOzXh+tEQFEQfgo76Hg==",
      "requires": {
        "@mnpjs/licenses": "^1.0.0",
        "@rqt/github": "^1.3.1",
        "alamode": "^3.5.2"
      }
    }
  }
}
